// !$*UTF8*$!
{
	archiveVersion = 1;
	classes = {
	};
	objectVersion = 46;
	objects = {

/* Begin PBXBuildFile section */
		0F8445A31BCEEAA200E0DE32 /* AudioToolbox.framework in Frameworks */ = {isa = PBXBuildFile; fileRef = 0F8445A21BCEEAA200E0DE32 /* AudioToolbox.framework */; };
		0F8445A51BCEEAB000E0DE32 /* CFNetwork.framework in Frameworks */ = {isa = PBXBuildFile; fileRef = 0F8445A41BCEEAB000E0DE32 /* CFNetwork.framework */; };
		0F8445A71BCEEAC200E0DE32 /* CoreGraphics.framework in Frameworks */ = {isa = PBXBuildFile; fileRef = 0F8445A61BCEEAC200E0DE32 /* CoreGraphics.framework */; };
		0F8445A91BCEEACE00E0DE32 /* CoreLocation.framework in Frameworks */ = {isa = PBXBuildFile; fileRef = 0F8445A81BCEEACE00E0DE32 /* CoreLocation.framework */; };
		0F8445AB1BCEEAD800E0DE32 /* QuartzCore.framework in Frameworks */ = {isa = PBXBuildFile; fileRef = 0F8445AA1BCEEAD800E0DE32 /* QuartzCore.framework */; };
		0F8445AD1BCEEAE600E0DE32 /* Security.framework in Frameworks */ = {isa = PBXBuildFile; fileRef = 0F8445AC1BCEEAE600E0DE32 /* Security.framework */; };
		0F8445AF1BCEEAF400E0DE32 /* StoreKit.framework in Frameworks */ = {isa = PBXBuildFile; fileRef = 0F8445AE1BCEEAF400E0DE32 /* StoreKit.framework */; };
		0F8445B11BCEEB0400E0DE32 /* SystemConfiguration.framework in Frameworks */ = {isa = PBXBuildFile; fileRef = 0F8445B01BCEEB0400E0DE32 /* SystemConfiguration.framework */; };
		0F8445B31BCEEBB300E0DE32 /* libz.tbd in Frameworks */ = {isa = PBXBuildFile; fileRef = 0F8445B21BCEEBB300E0DE32 /* libz.tbd */; };
		0F8445B51BCEEBC600E0DE32 /* libsqlite3.tbd in Frameworks */ = {isa = PBXBuildFile; fileRef = 0F8445B41BCEEBC600E0DE32 /* libsqlite3.tbd */; };
		0F8445BD1BCEEC5E00E0DE32 /* Bolts.framework in Frameworks */ = {isa = PBXBuildFile; fileRef = 0F8445B61BCEEC5E00E0DE32 /* Bolts.framework */; settings = {ASSET_TAGS = (); }; };
		0F8445BE1BCEEC5E00E0DE32 /* Parse.framework in Frameworks */ = {isa = PBXBuildFile; fileRef = 0F8445B71BCEEC5E00E0DE32 /* Parse.framework */; settings = {ASSET_TAGS = (); }; };
		0F8445BF1BCEEC5E00E0DE32 /* ParseCrashReporting.framework in Frameworks */ = {isa = PBXBuildFile; fileRef = 0F8445B81BCEEC5E00E0DE32 /* ParseCrashReporting.framework */; settings = {ASSET_TAGS = (); }; };
		0F8445C01BCEEC5E00E0DE32 /* ParseFacebookUtils.framework in Frameworks */ = {isa = PBXBuildFile; fileRef = 0F8445B91BCEEC5E00E0DE32 /* ParseFacebookUtils.framework */; settings = {ASSET_TAGS = (); }; };
		0F8445C11BCEEC5E00E0DE32 /* ParseFacebookUtilsV4.framework in Frameworks */ = {isa = PBXBuildFile; fileRef = 0F8445BA1BCEEC5E00E0DE32 /* ParseFacebookUtilsV4.framework */; settings = {ASSET_TAGS = (); }; };
		0F8445C21BCEEC5E00E0DE32 /* ParseTwitterUtils.framework in Frameworks */ = {isa = PBXBuildFile; fileRef = 0F8445BB1BCEEC5E00E0DE32 /* ParseTwitterUtils.framework */; settings = {ASSET_TAGS = (); }; };
		0F8445C31BCEEC5E00E0DE32 /* ParseUI.framework in Frameworks */ = {isa = PBXBuildFile; fileRef = 0F8445BC1BCEEC5E00E0DE32 /* ParseUI.framework */; settings = {ASSET_TAGS = (); }; };
		0F8445C81BCEFB0200E0DE32 /* FBSDKCoreKit.framework in Frameworks */ = {isa = PBXBuildFile; fileRef = 0F8445C51BCEFB0200E0DE32 /* FBSDKCoreKit.framework */; settings = {ASSET_TAGS = (); }; };
		0F8445C91BCEFB0200E0DE32 /* FBSDKLoginKit.framework in Frameworks */ = {isa = PBXBuildFile; fileRef = 0F8445C61BCEFB0200E0DE32 /* FBSDKLoginKit.framework */; settings = {ASSET_TAGS = (); }; };
		0F8445CA1BCEFB0200E0DE32 /* FBSDKShareKit.framework in Frameworks */ = {isa = PBXBuildFile; fileRef = 0F8445C71BCEFB0200E0DE32 /* FBSDKShareKit.framework */; settings = {ASSET_TAGS = (); }; };
		E20F23B61BCD189F0077FEE4 /* AppDelegate.swift in Sources */ = {isa = PBXBuildFile; fileRef = E20F23B51BCD189F0077FEE4 /* AppDelegate.swift */; };
		E20F23B81BCD189F0077FEE4 /* ViewController.swift in Sources */ = {isa = PBXBuildFile; fileRef = E20F23B71BCD189F0077FEE4 /* ViewController.swift */; };
		E20F23BB1BCD189F0077FEE4 /* Main.storyboard in Resources */ = {isa = PBXBuildFile; fileRef = E20F23B91BCD189F0077FEE4 /* Main.storyboard */; };
		E20F23BD1BCD189F0077FEE4 /* Assets.xcassets in Resources */ = {isa = PBXBuildFile; fileRef = E20F23BC1BCD189F0077FEE4 /* Assets.xcassets */; };
		E20F23C01BCD189F0077FEE4 /* LaunchScreen.storyboard in Resources */ = {isa = PBXBuildFile; fileRef = E20F23BE1BCD189F0077FEE4 /* LaunchScreen.storyboard */; };
		E20F23CB1BCD189F0077FEE4 /* InstagramAppTests.swift in Sources */ = {isa = PBXBuildFile; fileRef = E20F23CA1BCD189F0077FEE4 /* InstagramAppTests.swift */; };
		E20F23D61BCD189F0077FEE4 /* InstagramAppUITests.swift in Sources */ = {isa = PBXBuildFile; fileRef = E20F23D51BCD189F0077FEE4 /* InstagramAppUITests.swift */; };
/* End PBXBuildFile section */

/* Begin PBXContainerItemProxy section */
		E20F23C71BCD189F0077FEE4 /* PBXContainerItemProxy */ = {
			isa = PBXContainerItemProxy;
			containerPortal = E20F23AA1BCD189F0077FEE4 /* Project object */;
			proxyType = 1;
			remoteGlobalIDString = E20F23B11BCD189F0077FEE4;
			remoteInfo = InstagramApp;
		};
		E20F23D21BCD189F0077FEE4 /* PBXContainerItemProxy */ = {
			isa = PBXContainerItemProxy;
			containerPortal = E20F23AA1BCD189F0077FEE4 /* Project object */;
			proxyType = 1;
			remoteGlobalIDString = E20F23B11BCD189F0077FEE4;
			remoteInfo = InstagramApp;
		};
/* End PBXContainerItemProxy section */

/* Begin PBXFileReference section */
		0F8445A21BCEEAA200E0DE32 /* AudioToolbox.framework */ = {isa = PBXFileReference; lastKnownFileType = wrapper.framework; name = AudioToolbox.framework; path = System/Library/Frameworks/AudioToolbox.framework; sourceTree = SDKROOT; };
		0F8445A41BCEEAB000E0DE32 /* CFNetwork.framework */ = {isa = PBXFileReference; lastKnownFileType = wrapper.framework; name = CFNetwork.framework; path = System/Library/Frameworks/CFNetwork.framework; sourceTree = SDKROOT; };
		0F8445A61BCEEAC200E0DE32 /* CoreGraphics.framework */ = {isa = PBXFileReference; lastKnownFileType = wrapper.framework; name = CoreGraphics.framework; path = System/Library/Frameworks/CoreGraphics.framework; sourceTree = SDKROOT; };
		0F8445A81BCEEACE00E0DE32 /* CoreLocation.framework */ = {isa = PBXFileReference; lastKnownFileType = wrapper.framework; name = CoreLocation.framework; path = System/Library/Frameworks/CoreLocation.framework; sourceTree = SDKROOT; };
		0F8445AA1BCEEAD800E0DE32 /* QuartzCore.framework */ = {isa = PBXFileReference; lastKnownFileType = wrapper.framework; name = QuartzCore.framework; path = System/Library/Frameworks/QuartzCore.framework; sourceTree = SDKROOT; };
		0F8445AC1BCEEAE600E0DE32 /* Security.framework */ = {isa = PBXFileReference; lastKnownFileType = wrapper.framework; name = Security.framework; path = System/Library/Frameworks/Security.framework; sourceTree = SDKROOT; };
		0F8445AE1BCEEAF400E0DE32 /* StoreKit.framework */ = {isa = PBXFileReference; lastKnownFileType = wrapper.framework; name = StoreKit.framework; path = System/Library/Frameworks/StoreKit.framework; sourceTree = SDKROOT; };
		0F8445B01BCEEB0400E0DE32 /* SystemConfiguration.framework */ = {isa = PBXFileReference; lastKnownFileType = wrapper.framework; name = SystemConfiguration.framework; path = System/Library/Frameworks/SystemConfiguration.framework; sourceTree = SDKROOT; };
		0F8445B21BCEEBB300E0DE32 /* libz.tbd */ = {isa = PBXFileReference; lastKnownFileType = "sourcecode.text-based-dylib-definition"; name = libz.tbd; path = usr/lib/libz.tbd; sourceTree = SDKROOT; };
		0F8445B41BCEEBC600E0DE32 /* libsqlite3.tbd */ = {isa = PBXFileReference; lastKnownFileType = "sourcecode.text-based-dylib-definition"; name = libsqlite3.tbd; path = usr/lib/libsqlite3.tbd; sourceTree = SDKROOT; };
		0F8445B61BCEEC5E00E0DE32 /* Bolts.framework */ = {isa = PBXFileReference; lastKnownFileType = wrapper.framework; name = Bolts.framework; path = "InstagramApp/parse-library-1/Bolts.framework"; sourceTree = "<group>"; };
		0F8445B71BCEEC5E00E0DE32 /* Parse.framework */ = {isa = PBXFileReference; lastKnownFileType = wrapper.framework; name = Parse.framework; path = "InstagramApp/parse-library-1/Parse.framework"; sourceTree = "<group>"; };
		0F8445B81BCEEC5E00E0DE32 /* ParseCrashReporting.framework */ = {isa = PBXFileReference; lastKnownFileType = wrapper.framework; name = ParseCrashReporting.framework; path = "InstagramApp/parse-library-1/ParseCrashReporting.framework"; sourceTree = "<group>"; };
		0F8445B91BCEEC5E00E0DE32 /* ParseFacebookUtils.framework */ = {isa = PBXFileReference; lastKnownFileType = wrapper.framework; name = ParseFacebookUtils.framework; path = "InstagramApp/parse-library-1/ParseFacebookUtils.framework"; sourceTree = "<group>"; };
		0F8445BA1BCEEC5E00E0DE32 /* ParseFacebookUtilsV4.framework */ = {isa = PBXFileReference; lastKnownFileType = wrapper.framework; name = ParseFacebookUtilsV4.framework; path = "InstagramApp/parse-library-1/ParseFacebookUtilsV4.framework"; sourceTree = "<group>"; };
		0F8445BB1BCEEC5E00E0DE32 /* ParseTwitterUtils.framework */ = {isa = PBXFileReference; lastKnownFileType = wrapper.framework; name = ParseTwitterUtils.framework; path = "InstagramApp/parse-library-1/ParseTwitterUtils.framework"; sourceTree = "<group>"; };
		0F8445BC1BCEEC5E00E0DE32 /* ParseUI.framework */ = {isa = PBXFileReference; lastKnownFileType = wrapper.framework; name = ParseUI.framework; path = "InstagramApp/parse-library-1/ParseUI.framework"; sourceTree = "<group>"; };
		0F8445C51BCEFB0200E0DE32 /* FBSDKCoreKit.framework */ = {isa = PBXFileReference; lastKnownFileType = wrapper.framework; path = FBSDKCoreKit.framework; sourceTree = "<group>"; };
		0F8445C61BCEFB0200E0DE32 /* FBSDKLoginKit.framework */ = {isa = PBXFileReference; lastKnownFileType = wrapper.framework; path = FBSDKLoginKit.framework; sourceTree = "<group>"; };
		0F8445C71BCEFB0200E0DE32 /* FBSDKShareKit.framework */ = {isa = PBXFileReference; lastKnownFileType = wrapper.framework; path = FBSDKShareKit.framework; sourceTree = "<group>"; };
		0F8445CB1BCEFB4900E0DE32 /* Bridging-Header.h */ = {isa = PBXFileReference; lastKnownFileType = sourcecode.c.h; path = "Bridging-Header.h"; sourceTree = "<group>"; };
		E20F23B21BCD189F0077FEE4 /* InstagramApp.app */ = {isa = PBXFileReference; explicitFileType = wrapper.application; includeInIndex = 0; path = InstagramApp.app; sourceTree = BUILT_PRODUCTS_DIR; };
		E20F23B51BCD189F0077FEE4 /* AppDelegate.swift */ = {isa = PBXFileReference; lastKnownFileType = sourcecode.swift; path = AppDelegate.swift; sourceTree = "<group>"; };
		E20F23B71BCD189F0077FEE4 /* ViewController.swift */ = {isa = PBXFileReference; lastKnownFileType = sourcecode.swift; path = ViewController.swift; sourceTree = "<group>"; };
		E20F23BA1BCD189F0077FEE4 /* Base */ = {isa = PBXFileReference; lastKnownFileType = file.storyboard; name = Base; path = Base.lproj/Main.storyboard; sourceTree = "<group>"; };
		E20F23BC1BCD189F0077FEE4 /* Assets.xcassets */ = {isa = PBXFileReference; lastKnownFileType = folder.assetcatalog; path = Assets.xcassets; sourceTree = "<group>"; };
		E20F23BF1BCD189F0077FEE4 /* Base */ = {isa = PBXFileReference; lastKnownFileType = file.storyboard; name = Base; path = Base.lproj/LaunchScreen.storyboard; sourceTree = "<group>"; };
		E20F23C11BCD189F0077FEE4 /* Info.plist */ = {isa = PBXFileReference; lastKnownFileType = text.plist.xml; path = Info.plist; sourceTree = "<group>"; };
		E20F23C61BCD189F0077FEE4 /* InstagramAppTests.xctest */ = {isa = PBXFileReference; explicitFileType = wrapper.cfbundle; includeInIndex = 0; path = InstagramAppTests.xctest; sourceTree = BUILT_PRODUCTS_DIR; };
		E20F23CA1BCD189F0077FEE4 /* InstagramAppTests.swift */ = {isa = PBXFileReference; lastKnownFileType = sourcecode.swift; path = InstagramAppTests.swift; sourceTree = "<group>"; };
		E20F23CC1BCD189F0077FEE4 /* Info.plist */ = {isa = PBXFileReference; lastKnownFileType = text.plist.xml; path = Info.plist; sourceTree = "<group>"; };
		E20F23D11BCD189F0077FEE4 /* InstagramAppUITests.xctest */ = {isa = PBXFileReference; explicitFileType = wrapper.cfbundle; includeInIndex = 0; path = InstagramAppUITests.xctest; sourceTree = BUILT_PRODUCTS_DIR; };
		E20F23D51BCD189F0077FEE4 /* InstagramAppUITests.swift */ = {isa = PBXFileReference; lastKnownFileType = sourcecode.swift; path = InstagramAppUITests.swift; sourceTree = "<group>"; };
		E20F23D71BCD189F0077FEE4 /* Info.plist */ = {isa = PBXFileReference; lastKnownFileType = text.plist.xml; path = Info.plist; sourceTree = "<group>"; };
/* End PBXFileReference section */

/* Begin PBXFrameworksBuildPhase section */
		E20F23AF1BCD189F0077FEE4 /* Frameworks */ = {
			isa = PBXFrameworksBuildPhase;
			buildActionMask = 2147483647;
			files = (
				0F8445C01BCEEC5E00E0DE32 /* ParseFacebookUtils.framework in Frameworks */,
				0F8445B51BCEEBC600E0DE32 /* libsqlite3.tbd in Frameworks */,
				0F8445B31BCEEBB300E0DE32 /* libz.tbd in Frameworks */,
				0F8445B11BCEEB0400E0DE32 /* SystemConfiguration.framework in Frameworks */,
				0F8445AF1BCEEAF400E0DE32 /* StoreKit.framework in Frameworks */,
				0F8445AD1BCEEAE600E0DE32 /* Security.framework in Frameworks */,
				0F8445C21BCEEC5E00E0DE32 /* ParseTwitterUtils.framework in Frameworks */,
				0F8445C81BCEFB0200E0DE32 /* FBSDKCoreKit.framework in Frameworks */,
				0F8445AB1BCEEAD800E0DE32 /* QuartzCore.framework in Frameworks */,
				0F8445A91BCEEACE00E0DE32 /* CoreLocation.framework in Frameworks */,
				0F8445C31BCEEC5E00E0DE32 /* ParseUI.framework in Frameworks */,
				0F8445A71BCEEAC200E0DE32 /* CoreGraphics.framework in Frameworks */,
				0F8445CA1BCEFB0200E0DE32 /* FBSDKShareKit.framework in Frameworks */,
				0F8445BD1BCEEC5E00E0DE32 /* Bolts.framework in Frameworks */,
				0F8445C91BCEFB0200E0DE32 /* FBSDKLoginKit.framework in Frameworks */,
				0F8445A51BCEEAB000E0DE32 /* CFNetwork.framework in Frameworks */,
				0F8445BE1BCEEC5E00E0DE32 /* Parse.framework in Frameworks */,
				0F8445A31BCEEAA200E0DE32 /* AudioToolbox.framework in Frameworks */,
				0F8445BF1BCEEC5E00E0DE32 /* ParseCrashReporting.framework in Frameworks */,
				0F8445C11BCEEC5E00E0DE32 /* ParseFacebookUtilsV4.framework in Frameworks */,
			);
			runOnlyForDeploymentPostprocessing = 0;
		};
		E20F23C31BCD189F0077FEE4 /* Frameworks */ = {
			isa = PBXFrameworksBuildPhase;
			buildActionMask = 2147483647;
			files = (
			);
			runOnlyForDeploymentPostprocessing = 0;
		};
		E20F23CE1BCD189F0077FEE4 /* Frameworks */ = {
			isa = PBXFrameworksBuildPhase;
			buildActionMask = 2147483647;
			files = (
			);
			runOnlyForDeploymentPostprocessing = 0;
		};
/* End PBXFrameworksBuildPhase section */

/* Begin PBXGroup section */
		0F8445C41BCEEC8000E0DE32 /* Frameworks */ = {
			isa = PBXGroup;
			children = (
				0F8445C51BCEFB0200E0DE32 /* FBSDKCoreKit.framework */,
				0F8445C61BCEFB0200E0DE32 /* FBSDKLoginKit.framework */,
				0F8445C71BCEFB0200E0DE32 /* FBSDKShareKit.framework */,
				0F8445B41BCEEBC600E0DE32 /* libsqlite3.tbd */,
				0F8445B21BCEEBB300E0DE32 /* libz.tbd */,
				0F8445B01BCEEB0400E0DE32 /* SystemConfiguration.framework */,
				0F8445AE1BCEEAF400E0DE32 /* StoreKit.framework */,
				0F8445AC1BCEEAE600E0DE32 /* Security.framework */,
				0F8445AA1BCEEAD800E0DE32 /* QuartzCore.framework */,
				0F8445A81BCEEACE00E0DE32 /* CoreLocation.framework */,
				0F8445A61BCEEAC200E0DE32 /* CoreGraphics.framework */,
				0F8445A41BCEEAB000E0DE32 /* CFNetwork.framework */,
				0F8445A21BCEEAA200E0DE32 /* AudioToolbox.framework */,
				0F8445B61BCEEC5E00E0DE32 /* Bolts.framework */,
				0F8445B71BCEEC5E00E0DE32 /* Parse.framework */,
				0F8445B81BCEEC5E00E0DE32 /* ParseCrashReporting.framework */,
				0F8445B91BCEEC5E00E0DE32 /* ParseFacebookUtils.framework */,
				0F8445BA1BCEEC5E00E0DE32 /* ParseFacebookUtilsV4.framework */,
				0F8445BB1BCEEC5E00E0DE32 /* ParseTwitterUtils.framework */,
				0F8445BC1BCEEC5E00E0DE32 /* ParseUI.framework */,
			);
			name = Frameworks;
			sourceTree = "<group>";
		};
		E20F23A91BCD189F0077FEE4 = {
			isa = PBXGroup;
			children = (
				0F8445C41BCEEC8000E0DE32 /* Frameworks */,
				E20F23B41BCD189F0077FEE4 /* InstagramApp */,
				E20F23C91BCD189F0077FEE4 /* InstagramAppTests */,
				E20F23D41BCD189F0077FEE4 /* InstagramAppUITests */,
				E20F23B31BCD189F0077FEE4 /* Products */,
			);
			sourceTree = "<group>";
		};
		E20F23B31BCD189F0077FEE4 /* Products */ = {
			isa = PBXGroup;
			children = (
				E20F23B21BCD189F0077FEE4 /* InstagramApp.app */,
				E20F23C61BCD189F0077FEE4 /* InstagramAppTests.xctest */,
				E20F23D11BCD189F0077FEE4 /* InstagramAppUITests.xctest */,
			);
			name = Products;
			sourceTree = "<group>";
		};
		E20F23B41BCD189F0077FEE4 /* InstagramApp */ = {
			isa = PBXGroup;
			children = (
				E20F23B51BCD189F0077FEE4 /* AppDelegate.swift */,
				E20F23B71BCD189F0077FEE4 /* ViewController.swift */,
				0F8445CB1BCEFB4900E0DE32 /* Bridging-Header.h */,
				E20F23B91BCD189F0077FEE4 /* Main.storyboard */,
				E20F23BC1BCD189F0077FEE4 /* Assets.xcassets */,
				E20F23BE1BCD189F0077FEE4 /* LaunchScreen.storyboard */,
				E20F23C11BCD189F0077FEE4 /* Info.plist */,
			);
			path = InstagramApp;
			sourceTree = "<group>";
		};
		E20F23C91BCD189F0077FEE4 /* InstagramAppTests */ = {
			isa = PBXGroup;
			children = (
				E20F23CA1BCD189F0077FEE4 /* InstagramAppTests.swift */,
				E20F23CC1BCD189F0077FEE4 /* Info.plist */,
			);
			path = InstagramAppTests;
			sourceTree = "<group>";
		};
		E20F23D41BCD189F0077FEE4 /* InstagramAppUITests */ = {
			isa = PBXGroup;
			children = (
				E20F23D51BCD189F0077FEE4 /* InstagramAppUITests.swift */,
				E20F23D71BCD189F0077FEE4 /* Info.plist */,
			);
			path = InstagramAppUITests;
			sourceTree = "<group>";
		};
/* End PBXGroup section */

/* Begin PBXNativeTarget section */
		E20F23B11BCD189F0077FEE4 /* InstagramApp */ = {
			isa = PBXNativeTarget;
			buildConfigurationList = E20F23DA1BCD189F0077FEE4 /* Build configuration list for PBXNativeTarget "InstagramApp" */;
			buildPhases = (
				E20F23AE1BCD189F0077FEE4 /* Sources */,
				E20F23AF1BCD189F0077FEE4 /* Frameworks */,
				E20F23B01BCD189F0077FEE4 /* Resources */,
			);
			buildRules = (
			);
			dependencies = (
			);
			name = InstagramApp;
			productName = InstagramApp;
			productReference = E20F23B21BCD189F0077FEE4 /* InstagramApp.app */;
			productType = "com.apple.product-type.application";
		};
		E20F23C51BCD189F0077FEE4 /* InstagramAppTests */ = {
			isa = PBXNativeTarget;
			buildConfigurationList = E20F23DD1BCD189F0077FEE4 /* Build configuration list for PBXNativeTarget "InstagramAppTests" */;
			buildPhases = (
				E20F23C21BCD189F0077FEE4 /* Sources */,
				E20F23C31BCD189F0077FEE4 /* Frameworks */,
				E20F23C41BCD189F0077FEE4 /* Resources */,
			);
			buildRules = (
			);
			dependencies = (
				E20F23C81BCD189F0077FEE4 /* PBXTargetDependency */,
			);
			name = InstagramAppTests;
			productName = InstagramAppTests;
			productReference = E20F23C61BCD189F0077FEE4 /* InstagramAppTests.xctest */;
			productType = "com.apple.product-type.bundle.unit-test";
		};
		E20F23D01BCD189F0077FEE4 /* InstagramAppUITests */ = {
			isa = PBXNativeTarget;
			buildConfigurationList = E20F23E01BCD189F0077FEE4 /* Build configuration list for PBXNativeTarget "InstagramAppUITests" */;
			buildPhases = (
				E20F23CD1BCD189F0077FEE4 /* Sources */,
				E20F23CE1BCD189F0077FEE4 /* Frameworks */,
				E20F23CF1BCD189F0077FEE4 /* Resources */,
			);
			buildRules = (
			);
			dependencies = (
				E20F23D31BCD189F0077FEE4 /* PBXTargetDependency */,
			);
			name = InstagramAppUITests;
			productName = InstagramAppUITests;
			productReference = E20F23D11BCD189F0077FEE4 /* InstagramAppUITests.xctest */;
			productType = "com.apple.product-type.bundle.ui-testing";
		};
/* End PBXNativeTarget section */

/* Begin PBXProject section */
		E20F23AA1BCD189F0077FEE4 /* Project object */ = {
			isa = PBXProject;
			attributes = {
				LastUpgradeCheck = 0700;
				ORGANIZATIONNAME = "Kyohei Seo";
				TargetAttributes = {
					E20F23B11BCD189F0077FEE4 = {
						CreatedOnToolsVersion = 7.0.1;
					};
					E20F23C51BCD189F0077FEE4 = {
						CreatedOnToolsVersion = 7.0.1;
						TestTargetID = E20F23B11BCD189F0077FEE4;
					};
					E20F23D01BCD189F0077FEE4 = {
						CreatedOnToolsVersion = 7.0.1;
						TestTargetID = E20F23B11BCD189F0077FEE4;
					};
				};
			};
			buildConfigurationList = E20F23AD1BCD189F0077FEE4 /* Build configuration list for PBXProject "InstagramApp" */;
			compatibilityVersion = "Xcode 3.2";
			developmentRegion = English;
			hasScannedForEncodings = 0;
			knownRegions = (
				en,
				Base,
			);
			mainGroup = E20F23A91BCD189F0077FEE4;
			productRefGroup = E20F23B31BCD189F0077FEE4 /* Products */;
			projectDirPath = "";
			projectRoot = "";
			targets = (
				E20F23B11BCD189F0077FEE4 /* InstagramApp */,
				E20F23C51BCD189F0077FEE4 /* InstagramAppTests */,
				E20F23D01BCD189F0077FEE4 /* InstagramAppUITests */,
			);
		};
/* End PBXProject section */

/* Begin PBXResourcesBuildPhase section */
		E20F23B01BCD189F0077FEE4 /* Resources */ = {
			isa = PBXResourcesBuildPhase;
			buildActionMask = 2147483647;
			files = (
				E20F23C01BCD189F0077FEE4 /* LaunchScreen.storyboard in Resources */,
				E20F23BD1BCD189F0077FEE4 /* Assets.xcassets in Resources */,
				E20F23BB1BCD189F0077FEE4 /* Main.storyboard in Resources */,
			);
			runOnlyForDeploymentPostprocessing = 0;
		};
		E20F23C41BCD189F0077FEE4 /* Resources */ = {
			isa = PBXResourcesBuildPhase;
			buildActionMask = 2147483647;
			files = (
			);
			runOnlyForDeploymentPostprocessing = 0;
		};
		E20F23CF1BCD189F0077FEE4 /* Resources */ = {
			isa = PBXResourcesBuildPhase;
			buildActionMask = 2147483647;
			files = (
			);
			runOnlyForDeploymentPostprocessing = 0;
		};
/* End PBXResourcesBuildPhase section */

/* Begin PBXSourcesBuildPhase section */
		E20F23AE1BCD189F0077FEE4 /* Sources */ = {
			isa = PBXSourcesBuildPhase;
			buildActionMask = 2147483647;
			files = (
				E20F23B81BCD189F0077FEE4 /* ViewController.swift in Sources */,
				E20F23B61BCD189F0077FEE4 /* AppDelegate.swift in Sources */,
			);
			runOnlyForDeploymentPostprocessing = 0;
		};
		E20F23C21BCD189F0077FEE4 /* Sources */ = {
			isa = PBXSourcesBuildPhase;
			buildActionMask = 2147483647;
			files = (
				E20F23CB1BCD189F0077FEE4 /* InstagramAppTests.swift in Sources */,
			);
			runOnlyForDeploymentPostprocessing = 0;
		};
		E20F23CD1BCD189F0077FEE4 /* Sources */ = {
			isa = PBXSourcesBuildPhase;
			buildActionMask = 2147483647;
			files = (
				E20F23D61BCD189F0077FEE4 /* InstagramAppUITests.swift in Sources */,
			);
			runOnlyForDeploymentPostprocessing = 0;
		};
/* End PBXSourcesBuildPhase section */

/* Begin PBXTargetDependency section */
		E20F23C81BCD189F0077FEE4 /* PBXTargetDependency */ = {
			isa = PBXTargetDependency;
			target = E20F23B11BCD189F0077FEE4 /* InstagramApp */;
			targetProxy = E20F23C71BCD189F0077FEE4 /* PBXContainerItemProxy */;
		};
		E20F23D31BCD189F0077FEE4 /* PBXTargetDependency */ = {
			isa = PBXTargetDependency;
			target = E20F23B11BCD189F0077FEE4 /* InstagramApp */;
			targetProxy = E20F23D21BCD189F0077FEE4 /* PBXContainerItemProxy */;
		};
/* End PBXTargetDependency section */

/* Begin PBXVariantGroup section */
		E20F23B91BCD189F0077FEE4 /* Main.storyboard */ = {
			isa = PBXVariantGroup;
			children = (
				E20F23BA1BCD189F0077FEE4 /* Base */,
			);
			name = Main.storyboard;
			sourceTree = "<group>";
		};
		E20F23BE1BCD189F0077FEE4 /* LaunchScreen.storyboard */ = {
			isa = PBXVariantGroup;
			children = (
				E20F23BF1BCD189F0077FEE4 /* Base */,
			);
			name = LaunchScreen.storyboard;
			sourceTree = "<group>";
		};
/* End PBXVariantGroup section */

/* Begin XCBuildConfiguration section */
		E20F23D81BCD189F0077FEE4 /* Debug */ = {
			isa = XCBuildConfiguration;
			buildSettings = {
				ALWAYS_SEARCH_USER_PATHS = NO;
				CLANG_CXX_LANGUAGE_STANDARD = "gnu++0x";
				CLANG_CXX_LIBRARY = "libc++";
				CLANG_ENABLE_MODULES = YES;
				CLANG_ENABLE_OBJC_ARC = YES;
				CLANG_WARN_BOOL_CONVERSION = YES;
				CLANG_WARN_CONSTANT_CONVERSION = YES;
				CLANG_WARN_DIRECT_OBJC_ISA_USAGE = YES_ERROR;
				CLANG_WARN_EMPTY_BODY = YES;
				CLANG_WARN_ENUM_CONVERSION = YES;
				CLANG_WARN_INT_CONVERSION = YES;
				CLANG_WARN_OBJC_ROOT_CLASS = YES_ERROR;
				CLANG_WARN_UNREACHABLE_CODE = YES;
				CLANG_WARN__DUPLICATE_METHOD_MATCH = YES;
				"CODE_SIGN_IDENTITY[sdk=iphoneos*]" = "iPhone Developer";
				COPY_PHASE_STRIP = NO;
				DEBUG_INFORMATION_FORMAT = dwarf;
				ENABLE_STRICT_OBJC_MSGSEND = YES;
				ENABLE_TESTABILITY = YES;
				GCC_C_LANGUAGE_STANDARD = gnu99;
				GCC_DYNAMIC_NO_PIC = NO;
				GCC_NO_COMMON_BLOCKS = YES;
				GCC_OPTIMIZATION_LEVEL = 0;
				GCC_PREPROCESSOR_DEFINITIONS = (
					"DEBUG=1",
					"$(inherited)",
				);
				GCC_WARN_64_TO_32_BIT_CONVERSION = YES;
				GCC_WARN_ABOUT_RETURN_TYPE = YES_ERROR;
				GCC_WARN_UNDECLARED_SELECTOR = YES;
				GCC_WARN_UNINITIALIZED_AUTOS = YES_AGGRESSIVE;
				GCC_WARN_UNUSED_FUNCTION = YES;
				GCC_WARN_UNUSED_VARIABLE = YES;
				IPHONEOS_DEPLOYMENT_TARGET = 9.0;
				MTL_ENABLE_DEBUG_INFO = YES;
				ONLY_ACTIVE_ARCH = YES;
				SDKROOT = iphoneos;
				SWIFT_OPTIMIZATION_LEVEL = "-Onone";
			};
			name = Debug;
		};
		E20F23D91BCD189F0077FEE4 /* Release */ = {
			isa = XCBuildConfiguration;
			buildSettings = {
				ALWAYS_SEARCH_USER_PATHS = NO;
				CLANG_CXX_LANGUAGE_STANDARD = "gnu++0x";
				CLANG_CXX_LIBRARY = "libc++";
				CLANG_ENABLE_MODULES = YES;
				CLANG_ENABLE_OBJC_ARC = YES;
				CLANG_WARN_BOOL_CONVERSION = YES;
				CLANG_WARN_CONSTANT_CONVERSION = YES;
				CLANG_WARN_DIRECT_OBJC_ISA_USAGE = YES_ERROR;
				CLANG_WARN_EMPTY_BODY = YES;
				CLANG_WARN_ENUM_CONVERSION = YES;
				CLANG_WARN_INT_CONVERSION = YES;
				CLANG_WARN_OBJC_ROOT_CLASS = YES_ERROR;
				CLANG_WARN_UNREACHABLE_CODE = YES;
				CLANG_WARN__DUPLICATE_METHOD_MATCH = YES;
				"CODE_SIGN_IDENTITY[sdk=iphoneos*]" = "iPhone Developer";
				COPY_PHASE_STRIP = NO;
				DEBUG_INFORMATION_FORMAT = "dwarf-with-dsym";
				ENABLE_NS_ASSERTIONS = NO;
				ENABLE_STRICT_OBJC_MSGSEND = YES;
				GCC_C_LANGUAGE_STANDARD = gnu99;
				GCC_NO_COMMON_BLOCKS = YES;
				GCC_WARN_64_TO_32_BIT_CONVERSION = YES;
				GCC_WARN_ABOUT_RETURN_TYPE = YES_ERROR;
				GCC_WARN_UNDECLARED_SELECTOR = YES;
				GCC_WARN_UNINITIALIZED_AUTOS = YES_AGGRESSIVE;
				GCC_WARN_UNUSED_FUNCTION = YES;
				GCC_WARN_UNUSED_VARIABLE = YES;
				IPHONEOS_DEPLOYMENT_TARGET = 9.0;
				MTL_ENABLE_DEBUG_INFO = NO;
				SDKROOT = iphoneos;
				VALIDATE_PRODUCT = YES;
			};
			name = Release;
		};
		E20F23DB1BCD189F0077FEE4 /* Debug */ = {
			isa = XCBuildConfiguration;
			buildSettings = {
				ASSETCATALOG_COMPILER_APPICON_NAME = AppIcon;
				FRAMEWORK_SEARCH_PATHS = (
					"$(inherited)",
					"$(PROJECT_DIR)/InstagramApp/parse-library-1",
					"$(PROJECT_DIR)",
				);
				INFOPLIST_FILE = InstagramApp/Info.plist;
				LD_RUNPATH_SEARCH_PATHS = "$(inherited) @executable_path/Frameworks";
				PRODUCT_BUNDLE_IDENTIFIER = com.seokyohei.InstagramApp;
				PRODUCT_NAME = "$(TARGET_NAME)";
				SWIFT_OBJC_BRIDGING_HEADER = "InstagramApp/Bridging-Header.h";
			};
			name = Debug;
		};
		E20F23DC1BCD189F0077FEE4 /* Release */ = {
			isa = XCBuildConfiguration;
			buildSettings = {
				ASSETCATALOG_COMPILER_APPICON_NAME = AppIcon;
				FRAMEWORK_SEARCH_PATHS = (
					"$(inherited)",
					"$(PROJECT_DIR)/InstagramApp/parse-library-1",
					"$(PROJECT_DIR)",
				);
				INFOPLIST_FILE = InstagramApp/Info.plist;
				LD_RUNPATH_SEARCH_PATHS = "$(inherited) @executable_path/Frameworks";
				PRODUCT_BUNDLE_IDENTIFIER = com.seokyohei.InstagramApp;
				PRODUCT_NAME = "$(TARGET_NAME)";
				SWIFT_OBJC_BRIDGING_HEADER = "InstagramApp/Bridging-Header.h";
			};
			name = Release;
		};
		E20F23DE1BCD189F0077FEE4 /* Debug */ = {
			isa = XCBuildConfiguration;
			buildSettings = {
				BUNDLE_LOADER = "$(TEST_HOST)";
				INFOPLIST_FILE = InstagramAppTests/Info.plist;
				LD_RUNPATH_SEARCH_PATHS = "$(inherited) @executable_path/Frameworks @loader_path/Frameworks";
				PRODUCT_BUNDLE_IDENTIFIER = com.seokyohei.InstagramAppTests;
				PRODUCT_NAME = "$(TARGET_NAME)";
				TEST_HOST = "$(BUILT_PRODUCTS_DIR)/InstagramApp.app/InstagramApp";
			};
			name = Debug;
		};
		E20F23DF1BCD189F0077FEE4 /* Release */ = {
			isa = XCBuildConfiguration;
			buildSettings = {
				BUNDLE_LOADER = "$(TEST_HOST)";
				INFOPLIST_FILE = InstagramAppTests/Info.plist;
				LD_RUNPATH_SEARCH_PATHS = "$(inherited) @executable_path/Frameworks @loader_path/Frameworks";
				PRODUCT_BUNDLE_IDENTIFIER = com.seokyohei.InstagramAppTests;
				PRODUCT_NAME = "$(TARGET_NAME)";
				TEST_HOST = "$(BUILT_PRODUCTS_DIR)/InstagramApp.app/InstagramApp";
			};
			name = Release;
		};
		E20F23E11BCD189F0077FEE4 /* Debug */ = {
			isa = XCBuildConfiguration;
			buildSettings = {
				INFOPLIST_FILE = InstagramAppUITests/Info.plist;
				LD_RUNPATH_SEARCH_PATHS = "$(inherited) @executable_path/Frameworks @loader_path/Frameworks";
				PRODUCT_BUNDLE_IDENTIFIER = com.seokyohei.InstagramAppUITests;
				PRODUCT_NAME = "$(TARGET_NAME)";
				TEST_TARGET_NAME = InstagramApp;
				USES_XCTRUNNER = YES;
			};
			name = Debug;
		};
		E20F23E21BCD189F0077FEE4 /* Release */ = {
			isa = XCBuildConfiguration;
			buildSettings = {
				INFOPLIST_FILE = InstagramAppUITests/Info.plist;
				LD_RUNPATH_SEARCH_PATHS = "$(inherited) @executable_path/Frameworks @loader_path/Frameworks";
				PRODUCT_BUNDLE_IDENTIFIER = com.seokyohei.InstagramAppUITests;
				PRODUCT_NAME = "$(TARGET_NAME)";
				TEST_TARGET_NAME = InstagramApp;
				USES_XCTRUNNER = YES;
			};
			name = Release;
		};
/* End XCBuildConfiguration section */

/* Begin XCConfigurationList section */
		E20F23AD1BCD189F0077FEE4 /* Build configuration list for PBXProject "InstagramApp" */ = {
			isa = XCConfigurationList;
			buildConfigurations = (
				E20F23D81BCD189F0077FEE4 /* Debug */,
				E20F23D91BCD189F0077FEE4 /* Release */,
			);
			defaultConfigurationIsVisible = 0;
			defaultConfigurationName = Release;
		};
		E20F23DA1BCD189F0077FEE4 /* Build configuration list for PBXNativeTarget "InstagramApp" */ = {
			isa = XCConfigurationList;
			buildConfigurations = (
				E20F23DB1BCD189F0077FEE4 /* Debug */,
				E20F23DC1BCD189F0077FEE4 /* Release */,
			);
			defaultConfigurationIsVisible = 0;
			defaultConfigurationName = Release;
		};
		E20F23DD1BCD189F0077FEE4 /* Build configuration list for PBXNativeTarget "InstagramAppTests" */ = {
			isa = XCConfigurationList;
			buildConfigurations = (
				E20F23DE1BCD189F0077FEE4 /* Debug */,
				E20F23DF1BCD189F0077FEE4 /* Release */,
			);
			defaultConfigurationIsVisible = 0;
			defaultConfigurationName = Release;
		};
		E20F23E01BCD189F0077FEE4 /* Build configuration list for PBXNativeTarget "InstagramAppUITests" */ = {
			isa = XCConfigurationList;
			buildConfigurations = (
				E20F23E11BCD189F0077FEE4 /* Debug */,
				E20F23E21BCD189F0077FEE4 /* Release */,
			);
			defaultConfigurationIsVisible = 0;
			defaultConfigurationName = Release;
		};
/* End XCConfigurationList section */
	};
	rootObject = E20F23AA1BCD189F0077FEE4 /* Project object */;
}
