// !$*UTF8*$!
{
	archiveVersion = 1;
	classes = {
	};
	objectVersion = 46;
	objects = {

/* Begin PBXBuildFile section */
		2640D04FDA10009A99F65AC0 /* Pods_InstagramApp.framework in Frameworks */ = {isa = PBXBuildFile; fileRef = 2EA813654C84885963840735 /* Pods_InstagramApp.framework */; settings = {ATTRIBUTES = (Weak, ); }; };
		E20F23B61BCD189F0077FEE4 /* AppDelegate.swift in Sources */ = {isa = PBXBuildFile; fileRef = E20F23B51BCD189F0077FEE4 /* AppDelegate.swift */; };
		E20F23BB1BCD189F0077FEE4 /* Main.storyboard in Resources */ = {isa = PBXBuildFile; fileRef = E20F23B91BCD189F0077FEE4 /* Main.storyboard */; };
		E20F23C01BCD189F0077FEE4 /* LaunchScreen.storyboard in Resources */ = {isa = PBXBuildFile; fileRef = E20F23BE1BCD189F0077FEE4 /* LaunchScreen.storyboard */; };
		E20F23CB1BCD189F0077FEE4 /* InstagramAppTests.swift in Sources */ = {isa = PBXBuildFile; fileRef = E20F23CA1BCD189F0077FEE4 /* InstagramAppTests.swift */; };
		E20F23D61BCD189F0077FEE4 /* InstagramAppUITests.swift in Sources */ = {isa = PBXBuildFile; fileRef = E20F23D51BCD189F0077FEE4 /* InstagramAppUITests.swift */; };
<<<<<<< HEAD
		E20F23F01BCE71C50077FEE4 /* TimeLineViewController.swift in Sources */ = {isa = PBXBuildFile; fileRef = E20F23EF1BCE71C50077FEE4 /* TimeLineViewController.swift */; };
		E20F23F21BCE76B20077FEE4 /* camera@2x.png in Resources */ = {isa = PBXBuildFile; fileRef = E20F23F11BCE76B20077FEE4 /* camera@2x.png */; };
		E20F23F71BCF9F960077FEE4 /* Photos.framework in Frameworks */ = {isa = PBXBuildFile; fileRef = E20F23F61BCF9F960077FEE4 /* Photos.framework */; };
		E20F23FE1BCFC16F0077FEE4 /* PhotoCollectionView.swift in Sources */ = {isa = PBXBuildFile; fileRef = E20F23FD1BCFC16F0077FEE4 /* PhotoCollectionView.swift */; };
		E2133AC31BE7BD9000D0C1A9 /* MyPagePostModel.swift in Sources */ = {isa = PBXBuildFile; fileRef = E2133AC21BE7BD9000D0C1A9 /* MyPagePostModel.swift */; };
		E2133AD31BE8D89400D0C1A9 /* ChoosePhotoModel.swift in Sources */ = {isa = PBXBuildFile; fileRef = E2133AD21BE8D89400D0C1A9 /* ChoosePhotoModel.swift */; };
		E21FCD621BE4CE9A008FBAEC /* PostView.xib in Resources */ = {isa = PBXBuildFile; fileRef = E21FCD611BE4CE9A008FBAEC /* PostView.xib */; };
		E21FCD641BE4CEC9008FBAEC /* PostView.swift in Sources */ = {isa = PBXBuildFile; fileRef = E21FCD631BE4CEC9008FBAEC /* PostView.swift */; };
		E21FCDB11BE6257F008FBAEC /* NSDate+Extension.swift in Sources */ = {isa = PBXBuildFile; fileRef = E21FCDB01BE6257F008FBAEC /* NSDate+Extension.swift */; };
		E21FCDB51BE77647008FBAEC /* UICollectionViewFlowLayout+Extension.swift in Sources */ = {isa = PBXBuildFile; fileRef = E21FCDB41BE77647008FBAEC /* UICollectionViewFlowLayout+Extension.swift */; };
		E227F5B31BE092E100B41579 /* hashimoto.png in Resources */ = {isa = PBXBuildFile; fileRef = E227F5B21BE092E100B41579 /* hashimoto.png */; };
		E28724851BE36BD4000B205C /* MyPagePostManager.swift in Sources */ = {isa = PBXBuildFile; fileRef = E28724841BE36BD4000B205C /* MyPagePostManager.swift */; };
		E28724881BE371D8000B205C /* ChoosePhotoViewController.swift in Sources */ = {isa = PBXBuildFile; fileRef = E28724861BE371D8000B205C /* ChoosePhotoViewController.swift */; };
		E287248C1BE3772F000B205C /* ChoosePhotoView.swift in Sources */ = {isa = PBXBuildFile; fileRef = E287248B1BE3772F000B205C /* ChoosePhotoView.swift */; };
		E288B7561BDBBD9800C18A98 /* ChoosePhotoManager.swift in Sources */ = {isa = PBXBuildFile; fileRef = E288B7551BDBBD9800C18A98 /* ChoosePhotoManager.swift */; };
		E288B75B1BDBC1DB00C18A98 /* PhotoCollectionViewCell.swift in Sources */ = {isa = PBXBuildFile; fileRef = E288B7591BDBC1DB00C18A98 /* PhotoCollectionViewCell.swift */; };
		E288B75C1BDBC1DB00C18A98 /* PhotoCollectionViewCell.xib in Resources */ = {isa = PBXBuildFile; fileRef = E288B75A1BDBC1DB00C18A98 /* PhotoCollectionViewCell.xib */; };
		E288B75E1BDC891600C18A98 /* Post.swift in Sources */ = {isa = PBXBuildFile; fileRef = E288B75D1BDC891600C18A98 /* Post.swift */; };
		E288B7621BDC921200C18A98 /* mypage.png in Resources */ = {isa = PBXBuildFile; fileRef = E288B7611BDC921200C18A98 /* mypage.png */; };
		E288B7651BDD027000C18A98 /* Bolts.framework in Frameworks */ = {isa = PBXBuildFile; fileRef = E288B7631BDD027000C18A98 /* Bolts.framework */; };
		E288B7661BDD027100C18A98 /* Parse.framework in Frameworks */ = {isa = PBXBuildFile; fileRef = E288B7641BDD027000C18A98 /* Parse.framework */; };
		E288B7801BDD065700C18A98 /* AudioToolbox.framework in Frameworks */ = {isa = PBXBuildFile; fileRef = E288B77F1BDD065700C18A98 /* AudioToolbox.framework */; };
		E288B7821BDD066100C18A98 /* CFNetwork.framework in Frameworks */ = {isa = PBXBuildFile; fileRef = E288B7811BDD066100C18A98 /* CFNetwork.framework */; };
		E288B7841BDD066F00C18A98 /* CoreGraphics.framework in Frameworks */ = {isa = PBXBuildFile; fileRef = E288B7831BDD066F00C18A98 /* CoreGraphics.framework */; };
		E288B7861BDD068600C18A98 /* CoreLocation.framework in Frameworks */ = {isa = PBXBuildFile; fileRef = E288B7851BDD068600C18A98 /* CoreLocation.framework */; };
		E288B7881BDD069400C18A98 /* MobileCoreServices.framework in Frameworks */ = {isa = PBXBuildFile; fileRef = E288B7871BDD069400C18A98 /* MobileCoreServices.framework */; };
		E288B78A1BDD06A400C18A98 /* QuartzCore.framework in Frameworks */ = {isa = PBXBuildFile; fileRef = E288B7891BDD06A400C18A98 /* QuartzCore.framework */; };
		E288B78C1BDD06B200C18A98 /* Security.framework in Frameworks */ = {isa = PBXBuildFile; fileRef = E288B78B1BDD06B200C18A98 /* Security.framework */; };
		E288B78E1BDD06BE00C18A98 /* StoreKit.framework in Frameworks */ = {isa = PBXBuildFile; fileRef = E288B78D1BDD06BE00C18A98 /* StoreKit.framework */; };
		E288B7901BDD06C900C18A98 /* SystemConfiguration.framework in Frameworks */ = {isa = PBXBuildFile; fileRef = E288B78F1BDD06C900C18A98 /* SystemConfiguration.framework */; };
		E288B7921BDD06D800C18A98 /* libsqlite3.tbd in Frameworks */ = {isa = PBXBuildFile; fileRef = E288B7911BDD06D800C18A98 /* libsqlite3.tbd */; };
		E288B7941BDD06EE00C18A98 /* libz.tbd in Frameworks */ = {isa = PBXBuildFile; fileRef = E288B7931BDD06EE00C18A98 /* libz.tbd */; };
		E2BAAE321BDE253C0067F4D7 /* MyPageViewController.swift in Sources */ = {isa = PBXBuildFile; fileRef = E2BAAE311BDE253C0067F4D7 /* MyPageViewController.swift */; };
		E2BAAE341BDE257C0067F4D7 /* MyPageView.swift in Sources */ = {isa = PBXBuildFile; fileRef = E2BAAE331BDE257C0067F4D7 /* MyPageView.swift */; };
		E2BAAE3B1BDE2BD40067F4D7 /* ProfileCollectionViewCell.swift in Sources */ = {isa = PBXBuildFile; fileRef = E2BAAE391BDE2BD40067F4D7 /* ProfileCollectionViewCell.swift */; };
		E2BAAE3C1BDE2BD40067F4D7 /* ProfileCollectionViewCell.xib in Resources */ = {isa = PBXBuildFile; fileRef = E2BAAE3A1BDE2BD40067F4D7 /* ProfileCollectionViewCell.xib */; };
		E2FDD00F1BDB718A00DF5C4C /* PostViewController.swift in Sources */ = {isa = PBXBuildFile; fileRef = E2FDD00E1BDB718A00DF5C4C /* PostViewController.swift */; };
=======
		E2F2D3C51BEB90830032DF7B /* .gitignore in Resources */ = {isa = PBXBuildFile; fileRef = E2F2D3C41BEB90830032DF7B /* .gitignore */; };
>>>>>>> 8a73bb52cb7836e7d0f48157405d23e64d4a9800
/* End PBXBuildFile section */

/* Begin PBXContainerItemProxy section */
		E20F23C71BCD189F0077FEE4 /* PBXContainerItemProxy */ = {
			isa = PBXContainerItemProxy;
			containerPortal = E20F23AA1BCD189F0077FEE4 /* Project object */;
			proxyType = 1;
			remoteGlobalIDString = E20F23B11BCD189F0077FEE4;
			remoteInfo = InstagramApp;
		};
		E20F23D21BCD189F0077FEE4 /* PBXContainerItemProxy */ = {
			isa = PBXContainerItemProxy;
			containerPortal = E20F23AA1BCD189F0077FEE4 /* Project object */;
			proxyType = 1;
			remoteGlobalIDString = E20F23B11BCD189F0077FEE4;
			remoteInfo = InstagramApp;
		};
/* End PBXContainerItemProxy section */

/* Begin PBXFileReference section */
		11C3524F2DC0855325DF8879 /* Pods-InstagramApp.debug.xcconfig */ = {isa = PBXFileReference; includeInIndex = 1; lastKnownFileType = text.xcconfig; name = "Pods-InstagramApp.debug.xcconfig"; path = "Pods/Target Support Files/Pods-InstagramApp/Pods-InstagramApp.debug.xcconfig"; sourceTree = "<group>"; };
		2EA813654C84885963840735 /* Pods_InstagramApp.framework */ = {isa = PBXFileReference; explicitFileType = wrapper.framework; includeInIndex = 0; path = Pods_InstagramApp.framework; sourceTree = BUILT_PRODUCTS_DIR; };
		490CFDE2557995DF5FDD37FB /* Pods-InstagramApp.release.xcconfig */ = {isa = PBXFileReference; includeInIndex = 1; lastKnownFileType = text.xcconfig; name = "Pods-InstagramApp.release.xcconfig"; path = "Pods/Target Support Files/Pods-InstagramApp/Pods-InstagramApp.release.xcconfig"; sourceTree = "<group>"; };
		E20F23B21BCD189F0077FEE4 /* InstagramApp.app */ = {isa = PBXFileReference; explicitFileType = wrapper.application; includeInIndex = 0; path = InstagramApp.app; sourceTree = BUILT_PRODUCTS_DIR; };
		E20F23B51BCD189F0077FEE4 /* AppDelegate.swift */ = {isa = PBXFileReference; lastKnownFileType = sourcecode.swift; path = AppDelegate.swift; sourceTree = "<group>"; };
		E20F23BA1BCD189F0077FEE4 /* Base */ = {isa = PBXFileReference; lastKnownFileType = file.storyboard; name = Base; path = Base.lproj/Main.storyboard; sourceTree = "<group>"; };
		E20F23BF1BCD189F0077FEE4 /* Base */ = {isa = PBXFileReference; lastKnownFileType = file.storyboard; name = Base; path = Base.lproj/LaunchScreen.storyboard; sourceTree = "<group>"; };
		E20F23C11BCD189F0077FEE4 /* Info.plist */ = {isa = PBXFileReference; lastKnownFileType = text.plist.xml; path = Info.plist; sourceTree = "<group>"; };
		E20F23C61BCD189F0077FEE4 /* InstagramAppTests.xctest */ = {isa = PBXFileReference; explicitFileType = wrapper.cfbundle; includeInIndex = 0; path = InstagramAppTests.xctest; sourceTree = BUILT_PRODUCTS_DIR; };
		E20F23CA1BCD189F0077FEE4 /* InstagramAppTests.swift */ = {isa = PBXFileReference; lastKnownFileType = sourcecode.swift; path = InstagramAppTests.swift; sourceTree = "<group>"; };
		E20F23CC1BCD189F0077FEE4 /* Info.plist */ = {isa = PBXFileReference; lastKnownFileType = text.plist.xml; path = Info.plist; sourceTree = "<group>"; };
		E20F23D11BCD189F0077FEE4 /* InstagramAppUITests.xctest */ = {isa = PBXFileReference; explicitFileType = wrapper.cfbundle; includeInIndex = 0; path = InstagramAppUITests.xctest; sourceTree = BUILT_PRODUCTS_DIR; };
		E20F23D51BCD189F0077FEE4 /* InstagramAppUITests.swift */ = {isa = PBXFileReference; lastKnownFileType = sourcecode.swift; path = InstagramAppUITests.swift; sourceTree = "<group>"; };
		E20F23D71BCD189F0077FEE4 /* Info.plist */ = {isa = PBXFileReference; lastKnownFileType = text.plist.xml; path = Info.plist; sourceTree = "<group>"; };
<<<<<<< HEAD
		E20F23EF1BCE71C50077FEE4 /* TimeLineViewController.swift */ = {isa = PBXFileReference; fileEncoding = 4; lastKnownFileType = sourcecode.swift; path = TimeLineViewController.swift; sourceTree = "<group>"; };
		E20F23F11BCE76B20077FEE4 /* camera@2x.png */ = {isa = PBXFileReference; lastKnownFileType = image.png; path = "camera@2x.png"; sourceTree = "<group>"; };
		E20F23F61BCF9F960077FEE4 /* Photos.framework */ = {isa = PBXFileReference; lastKnownFileType = wrapper.framework; name = Photos.framework; path = System/Library/Frameworks/Photos.framework; sourceTree = SDKROOT; };
		E20F23FD1BCFC16F0077FEE4 /* PhotoCollectionView.swift */ = {isa = PBXFileReference; fileEncoding = 4; lastKnownFileType = sourcecode.swift; path = PhotoCollectionView.swift; sourceTree = "<group>"; };
		E2133AC21BE7BD9000D0C1A9 /* MyPagePostModel.swift */ = {isa = PBXFileReference; fileEncoding = 4; lastKnownFileType = sourcecode.swift; path = MyPagePostModel.swift; sourceTree = "<group>"; };
		E2133AD21BE8D89400D0C1A9 /* ChoosePhotoModel.swift */ = {isa = PBXFileReference; fileEncoding = 4; lastKnownFileType = sourcecode.swift; path = ChoosePhotoModel.swift; sourceTree = "<group>"; };
		E21FCD611BE4CE9A008FBAEC /* PostView.xib */ = {isa = PBXFileReference; fileEncoding = 4; lastKnownFileType = file.xib; path = PostView.xib; sourceTree = "<group>"; };
		E21FCD631BE4CEC9008FBAEC /* PostView.swift */ = {isa = PBXFileReference; fileEncoding = 4; lastKnownFileType = sourcecode.swift; path = PostView.swift; sourceTree = "<group>"; };
		E21FCDB01BE6257F008FBAEC /* NSDate+Extension.swift */ = {isa = PBXFileReference; fileEncoding = 4; lastKnownFileType = sourcecode.swift; path = "NSDate+Extension.swift"; sourceTree = "<group>"; };
		E21FCDB41BE77647008FBAEC /* UICollectionViewFlowLayout+Extension.swift */ = {isa = PBXFileReference; fileEncoding = 4; lastKnownFileType = sourcecode.swift; path = "UICollectionViewFlowLayout+Extension.swift"; sourceTree = "<group>"; };
		E227F5B21BE092E100B41579 /* hashimoto.png */ = {isa = PBXFileReference; lastKnownFileType = image.png; path = hashimoto.png; sourceTree = "<group>"; };
		E28724841BE36BD4000B205C /* MyPagePostManager.swift */ = {isa = PBXFileReference; fileEncoding = 4; lastKnownFileType = sourcecode.swift; path = MyPagePostManager.swift; sourceTree = "<group>"; };
		E28724861BE371D8000B205C /* ChoosePhotoViewController.swift */ = {isa = PBXFileReference; fileEncoding = 4; lastKnownFileType = sourcecode.swift; path = ChoosePhotoViewController.swift; sourceTree = "<group>"; };
		E287248B1BE3772F000B205C /* ChoosePhotoView.swift */ = {isa = PBXFileReference; fileEncoding = 4; lastKnownFileType = sourcecode.swift; path = ChoosePhotoView.swift; sourceTree = "<group>"; };
		E288B7551BDBBD9800C18A98 /* ChoosePhotoManager.swift */ = {isa = PBXFileReference; fileEncoding = 4; lastKnownFileType = sourcecode.swift; path = ChoosePhotoManager.swift; sourceTree = "<group>"; };
		E288B7591BDBC1DB00C18A98 /* PhotoCollectionViewCell.swift */ = {isa = PBXFileReference; fileEncoding = 4; lastKnownFileType = sourcecode.swift; path = PhotoCollectionViewCell.swift; sourceTree = "<group>"; };
		E288B75A1BDBC1DB00C18A98 /* PhotoCollectionViewCell.xib */ = {isa = PBXFileReference; fileEncoding = 4; lastKnownFileType = file.xib; path = PhotoCollectionViewCell.xib; sourceTree = "<group>"; };
		E288B75D1BDC891600C18A98 /* Post.swift */ = {isa = PBXFileReference; fileEncoding = 4; lastKnownFileType = sourcecode.swift; path = Post.swift; sourceTree = "<group>"; };
		E288B7611BDC921200C18A98 /* mypage.png */ = {isa = PBXFileReference; lastKnownFileType = image.png; path = mypage.png; sourceTree = "<group>"; };
		E288B7631BDD027000C18A98 /* Bolts.framework */ = {isa = PBXFileReference; lastKnownFileType = wrapper.framework; path = Bolts.framework; sourceTree = "<group>"; };
		E288B7641BDD027000C18A98 /* Parse.framework */ = {isa = PBXFileReference; lastKnownFileType = wrapper.framework; path = Parse.framework; sourceTree = "<group>"; };
		E288B77F1BDD065700C18A98 /* AudioToolbox.framework */ = {isa = PBXFileReference; lastKnownFileType = wrapper.framework; name = AudioToolbox.framework; path = System/Library/Frameworks/AudioToolbox.framework; sourceTree = SDKROOT; };
		E288B7811BDD066100C18A98 /* CFNetwork.framework */ = {isa = PBXFileReference; lastKnownFileType = wrapper.framework; name = CFNetwork.framework; path = System/Library/Frameworks/CFNetwork.framework; sourceTree = SDKROOT; };
		E288B7831BDD066F00C18A98 /* CoreGraphics.framework */ = {isa = PBXFileReference; lastKnownFileType = wrapper.framework; name = CoreGraphics.framework; path = System/Library/Frameworks/CoreGraphics.framework; sourceTree = SDKROOT; };
		E288B7851BDD068600C18A98 /* CoreLocation.framework */ = {isa = PBXFileReference; lastKnownFileType = wrapper.framework; name = CoreLocation.framework; path = System/Library/Frameworks/CoreLocation.framework; sourceTree = SDKROOT; };
		E288B7871BDD069400C18A98 /* MobileCoreServices.framework */ = {isa = PBXFileReference; lastKnownFileType = wrapper.framework; name = MobileCoreServices.framework; path = System/Library/Frameworks/MobileCoreServices.framework; sourceTree = SDKROOT; };
		E288B7891BDD06A400C18A98 /* QuartzCore.framework */ = {isa = PBXFileReference; lastKnownFileType = wrapper.framework; name = QuartzCore.framework; path = System/Library/Frameworks/QuartzCore.framework; sourceTree = SDKROOT; };
		E288B78B1BDD06B200C18A98 /* Security.framework */ = {isa = PBXFileReference; lastKnownFileType = wrapper.framework; name = Security.framework; path = System/Library/Frameworks/Security.framework; sourceTree = SDKROOT; };
		E288B78D1BDD06BE00C18A98 /* StoreKit.framework */ = {isa = PBXFileReference; lastKnownFileType = wrapper.framework; name = StoreKit.framework; path = System/Library/Frameworks/StoreKit.framework; sourceTree = SDKROOT; };
		E288B78F1BDD06C900C18A98 /* SystemConfiguration.framework */ = {isa = PBXFileReference; lastKnownFileType = wrapper.framework; name = SystemConfiguration.framework; path = System/Library/Frameworks/SystemConfiguration.framework; sourceTree = SDKROOT; };
		E288B7911BDD06D800C18A98 /* libsqlite3.tbd */ = {isa = PBXFileReference; lastKnownFileType = "sourcecode.text-based-dylib-definition"; name = libsqlite3.tbd; path = usr/lib/libsqlite3.tbd; sourceTree = SDKROOT; };
		E288B7931BDD06EE00C18A98 /* libz.tbd */ = {isa = PBXFileReference; lastKnownFileType = "sourcecode.text-based-dylib-definition"; name = libz.tbd; path = usr/lib/libz.tbd; sourceTree = SDKROOT; };
		E2BAAE311BDE253C0067F4D7 /* MyPageViewController.swift */ = {isa = PBXFileReference; fileEncoding = 4; lastKnownFileType = sourcecode.swift; path = MyPageViewController.swift; sourceTree = "<group>"; };
		E2BAAE331BDE257C0067F4D7 /* MyPageView.swift */ = {isa = PBXFileReference; fileEncoding = 4; lastKnownFileType = sourcecode.swift; path = MyPageView.swift; sourceTree = "<group>"; };
		E2BAAE391BDE2BD40067F4D7 /* ProfileCollectionViewCell.swift */ = {isa = PBXFileReference; fileEncoding = 4; lastKnownFileType = sourcecode.swift; path = ProfileCollectionViewCell.swift; sourceTree = "<group>"; };
		E2BAAE3A1BDE2BD40067F4D7 /* ProfileCollectionViewCell.xib */ = {isa = PBXFileReference; fileEncoding = 4; lastKnownFileType = file.xib; path = ProfileCollectionViewCell.xib; sourceTree = "<group>"; };
		E2FDD00E1BDB718A00DF5C4C /* PostViewController.swift */ = {isa = PBXFileReference; fileEncoding = 4; lastKnownFileType = sourcecode.swift; path = PostViewController.swift; sourceTree = "<group>"; };
=======
		E2F2D3C41BEB90830032DF7B /* .gitignore */ = {isa = PBXFileReference; fileEncoding = 4; lastKnownFileType = text; path = .gitignore; sourceTree = "<group>"; };
>>>>>>> 8a73bb52cb7836e7d0f48157405d23e64d4a9800
/* End PBXFileReference section */

/* Begin PBXFrameworksBuildPhase section */
		E20F23AF1BCD189F0077FEE4 /* Frameworks */ = {
			isa = PBXFrameworksBuildPhase;
			buildActionMask = 2147483647;
			files = (
<<<<<<< HEAD
				E288B7941BDD06EE00C18A98 /* libz.tbd in Frameworks */,
				E288B7921BDD06D800C18A98 /* libsqlite3.tbd in Frameworks */,
				E288B7901BDD06C900C18A98 /* SystemConfiguration.framework in Frameworks */,
				E288B78E1BDD06BE00C18A98 /* StoreKit.framework in Frameworks */,
				E288B78C1BDD06B200C18A98 /* Security.framework in Frameworks */,
				E288B78A1BDD06A400C18A98 /* QuartzCore.framework in Frameworks */,
				E288B7881BDD069400C18A98 /* MobileCoreServices.framework in Frameworks */,
				E288B7861BDD068600C18A98 /* CoreLocation.framework in Frameworks */,
				E288B7841BDD066F00C18A98 /* CoreGraphics.framework in Frameworks */,
				E288B7821BDD066100C18A98 /* CFNetwork.framework in Frameworks */,
				E288B7801BDD065700C18A98 /* AudioToolbox.framework in Frameworks */,
				E20F23F71BCF9F960077FEE4 /* Photos.framework in Frameworks */,
				E288B7661BDD027100C18A98 /* Parse.framework in Frameworks */,
				E288B7651BDD027000C18A98 /* Bolts.framework in Frameworks */,
=======
				2640D04FDA10009A99F65AC0 /* Pods_InstagramApp.framework in Frameworks */,
>>>>>>> 8a73bb52cb7836e7d0f48157405d23e64d4a9800
			);
			runOnlyForDeploymentPostprocessing = 0;
		};
		E20F23C31BCD189F0077FEE4 /* Frameworks */ = {
			isa = PBXFrameworksBuildPhase;
			buildActionMask = 2147483647;
			files = (
			);
			runOnlyForDeploymentPostprocessing = 0;
		};
		E20F23CE1BCD189F0077FEE4 /* Frameworks */ = {
			isa = PBXFrameworksBuildPhase;
			buildActionMask = 2147483647;
			files = (
			);
			runOnlyForDeploymentPostprocessing = 0;
		};
/* End PBXFrameworksBuildPhase section */

/* Begin PBXGroup section */
		151AD86DFE971FDECD24A9E8 /* Pods */ = {
			isa = PBXGroup;
			children = (
				11C3524F2DC0855325DF8879 /* Pods-InstagramApp.debug.xcconfig */,
				490CFDE2557995DF5FDD37FB /* Pods-InstagramApp.release.xcconfig */,
			);
			name = Pods;
			sourceTree = "<group>";
		};
		40911BE4239FEBD713C43359 /* Frameworks */ = {
			isa = PBXGroup;
			children = (
				2EA813654C84885963840735 /* Pods_InstagramApp.framework */,
			);
			name = Frameworks;
			sourceTree = "<group>";
		};
		E20F23A91BCD189F0077FEE4 = {
			isa = PBXGroup;
			children = (
				E2F2D3C41BEB90830032DF7B /* .gitignore */,
				E20F23B41BCD189F0077FEE4 /* InstagramApp */,
				E20F23C91BCD189F0077FEE4 /* InstagramAppTests */,
				E20F23D41BCD189F0077FEE4 /* InstagramAppUITests */,
				E20F23B31BCD189F0077FEE4 /* Products */,
<<<<<<< HEAD
				E20F23F51BCF9F6A0077FEE4 /* Frameworks */,
				E20F23F11BCE76B20077FEE4 /* camera@2x.png */,
				E288B7611BDC921200C18A98 /* mypage.png */,
=======
				151AD86DFE971FDECD24A9E8 /* Pods */,
				40911BE4239FEBD713C43359 /* Frameworks */,
>>>>>>> 8a73bb52cb7836e7d0f48157405d23e64d4a9800
			);
			sourceTree = "<group>";
		};
		E20F23B31BCD189F0077FEE4 /* Products */ = {
			isa = PBXGroup;
			children = (
				E20F23B21BCD189F0077FEE4 /* InstagramApp.app */,
				E20F23C61BCD189F0077FEE4 /* InstagramAppTests.xctest */,
				E20F23D11BCD189F0077FEE4 /* InstagramAppUITests.xctest */,
			);
			name = Products;
			sourceTree = "<group>";
		};
		E20F23B41BCD189F0077FEE4 /* InstagramApp */ = {
			isa = PBXGroup;
			children = (
				E20F23B91BCD189F0077FEE4 /* Main.storyboard */,
				E21FCDAD1BE62522008FBAEC /* Extension */,
				E21FCD601BE4C3B4008FBAEC /* TimeLine */,
				E21FCD5F1BE4C3A6008FBAEC /* Post */,
				E21FCD5E1BE4C36C008FBAEC /* MyPage */,
				E21FCD5D1BE4C30C008FBAEC /* ChoosePhoto */,
				E20F23E61BCD57A20077FEE4 /* Model */,
				E20F23B51BCD189F0077FEE4 /* AppDelegate.swift */,
				E20F23BE1BCD189F0077FEE4 /* LaunchScreen.storyboard */,
				E20F23C11BCD189F0077FEE4 /* Info.plist */,
			);
			path = InstagramApp;
			sourceTree = "<group>";
		};
		E20F23C91BCD189F0077FEE4 /* InstagramAppTests */ = {
			isa = PBXGroup;
			children = (
				E20F23CA1BCD189F0077FEE4 /* InstagramAppTests.swift */,
				E20F23CC1BCD189F0077FEE4 /* Info.plist */,
			);
			path = InstagramAppTests;
			sourceTree = "<group>";
		};
		E20F23D41BCD189F0077FEE4 /* InstagramAppUITests */ = {
			isa = PBXGroup;
			children = (
				E20F23D51BCD189F0077FEE4 /* InstagramAppUITests.swift */,
				E20F23D71BCD189F0077FEE4 /* Info.plist */,
			);
			path = InstagramAppUITests;
			sourceTree = "<group>";
		};
		E20F23E61BCD57A20077FEE4 /* Model */ = {
			isa = PBXGroup;
			children = (
				E288B75D1BDC891600C18A98 /* Post.swift */,
			);
			name = Model;
			sourceTree = "<group>";
		};
		E20F23F51BCF9F6A0077FEE4 /* Frameworks */ = {
			isa = PBXGroup;
			children = (
				E227F5B21BE092E100B41579 /* hashimoto.png */,
				E288B7931BDD06EE00C18A98 /* libz.tbd */,
				E288B7911BDD06D800C18A98 /* libsqlite3.tbd */,
				E288B78F1BDD06C900C18A98 /* SystemConfiguration.framework */,
				E288B78D1BDD06BE00C18A98 /* StoreKit.framework */,
				E288B78B1BDD06B200C18A98 /* Security.framework */,
				E288B7891BDD06A400C18A98 /* QuartzCore.framework */,
				E288B7871BDD069400C18A98 /* MobileCoreServices.framework */,
				E288B7851BDD068600C18A98 /* CoreLocation.framework */,
				E288B7831BDD066F00C18A98 /* CoreGraphics.framework */,
				E288B7811BDD066100C18A98 /* CFNetwork.framework */,
				E288B77F1BDD065700C18A98 /* AudioToolbox.framework */,
				E288B7631BDD027000C18A98 /* Bolts.framework */,
				E288B7641BDD027000C18A98 /* Parse.framework */,
				E20F23F61BCF9F960077FEE4 /* Photos.framework */,
			);
			name = Frameworks;
			sourceTree = "<group>";
		};
		E20F24031BCFC2060077FEE4 /* PhotoCollectionViewCell */ = {
			isa = PBXGroup;
			children = (
				E288B7591BDBC1DB00C18A98 /* PhotoCollectionViewCell.swift */,
				E288B75A1BDBC1DB00C18A98 /* PhotoCollectionViewCell.xib */,
			);
			name = PhotoCollectionViewCell;
			sourceTree = "<group>";
		};
		E2133AD41BE9A62B00D0C1A9 /* Models */ = {
			isa = PBXGroup;
			children = (
				E2133AD21BE8D89400D0C1A9 /* ChoosePhotoModel.swift */,
				E288B7551BDBBD9800C18A98 /* ChoosePhotoManager.swift */,
			);
			name = Models;
			sourceTree = "<group>";
		};
		E2133AD61BE9A64300D0C1A9 /* Modles */ = {
			isa = PBXGroup;
			children = (
				E2133AC21BE7BD9000D0C1A9 /* MyPagePostModel.swift */,
				E28724841BE36BD4000B205C /* MyPagePostManager.swift */,
			);
			name = Modles;
			sourceTree = "<group>";
		};
		E21FCD5D1BE4C30C008FBAEC /* ChoosePhoto */ = {
			isa = PBXGroup;
			children = (
				E2133AD41BE9A62B00D0C1A9 /* Models */,
				E28724861BE371D8000B205C /* ChoosePhotoViewController.swift */,
				E287248B1BE3772F000B205C /* ChoosePhotoView.swift */,
				E20F23FD1BCFC16F0077FEE4 /* PhotoCollectionView.swift */,
				E20F24031BCFC2060077FEE4 /* PhotoCollectionViewCell */,
			);
			name = ChoosePhoto;
			sourceTree = "<group>";
		};
		E21FCD5E1BE4C36C008FBAEC /* MyPage */ = {
			isa = PBXGroup;
			children = (
				E2133AD61BE9A64300D0C1A9 /* Modles */,
				E2BAAE311BDE253C0067F4D7 /* MyPageViewController.swift */,
				E2BAAE331BDE257C0067F4D7 /* MyPageView.swift */,
				E287248A1BE372E4000B205C /* ProfileCollectionViewCell */,
			);
			name = MyPage;
			sourceTree = "<group>";
		};
		E21FCD5F1BE4C3A6008FBAEC /* Post */ = {
			isa = PBXGroup;
			children = (
				E2FDD00E1BDB718A00DF5C4C /* PostViewController.swift */,
				E21FCD611BE4CE9A008FBAEC /* PostView.xib */,
				E21FCD631BE4CEC9008FBAEC /* PostView.swift */,
			);
			name = Post;
			sourceTree = "<group>";
		};
		E21FCD601BE4C3B4008FBAEC /* TimeLine */ = {
			isa = PBXGroup;
			children = (
				E20F23EF1BCE71C50077FEE4 /* TimeLineViewController.swift */,
			);
			name = TimeLine;
			sourceTree = "<group>";
		};
		E21FCDAD1BE62522008FBAEC /* Extension */ = {
			isa = PBXGroup;
			children = (
				E21FCDB01BE6257F008FBAEC /* NSDate+Extension.swift */,
				E21FCDB41BE77647008FBAEC /* UICollectionViewFlowLayout+Extension.swift */,
			);
			name = Extension;
			sourceTree = "<group>";
		};
		E287248A1BE372E4000B205C /* ProfileCollectionViewCell */ = {
			isa = PBXGroup;
			children = (
				E2BAAE391BDE2BD40067F4D7 /* ProfileCollectionViewCell.swift */,
				E2BAAE3A1BDE2BD40067F4D7 /* ProfileCollectionViewCell.xib */,
			);
			name = ProfileCollectionViewCell;
			sourceTree = "<group>";
		};
/* End PBXGroup section */

/* Begin PBXNativeTarget section */
		E20F23B11BCD189F0077FEE4 /* InstagramApp */ = {
			isa = PBXNativeTarget;
			buildConfigurationList = E20F23DA1BCD189F0077FEE4 /* Build configuration list for PBXNativeTarget "InstagramApp" */;
			buildPhases = (
				4F85D8EEA8A72E59ACC01328 /* Check Pods Manifest.lock */,
				E20F23AE1BCD189F0077FEE4 /* Sources */,
				E20F23AF1BCD189F0077FEE4 /* Frameworks */,
				E20F23B01BCD189F0077FEE4 /* Resources */,
				B66A611013F500DA3A2246C1 /* Embed Pods Frameworks */,
				58A80B4ACAB3017D6E9F5921 /* Copy Pods Resources */,
			);
			buildRules = (
			);
			dependencies = (
			);
			name = InstagramApp;
			productName = InstagramApp;
			productReference = E20F23B21BCD189F0077FEE4 /* InstagramApp.app */;
			productType = "com.apple.product-type.application";
		};
		E20F23C51BCD189F0077FEE4 /* InstagramAppTests */ = {
			isa = PBXNativeTarget;
			buildConfigurationList = E20F23DD1BCD189F0077FEE4 /* Build configuration list for PBXNativeTarget "InstagramAppTests" */;
			buildPhases = (
				E20F23C21BCD189F0077FEE4 /* Sources */,
				E20F23C31BCD189F0077FEE4 /* Frameworks */,
				E20F23C41BCD189F0077FEE4 /* Resources */,
			);
			buildRules = (
			);
			dependencies = (
				E20F23C81BCD189F0077FEE4 /* PBXTargetDependency */,
			);
			name = InstagramAppTests;
			productName = InstagramAppTests;
			productReference = E20F23C61BCD189F0077FEE4 /* InstagramAppTests.xctest */;
			productType = "com.apple.product-type.bundle.unit-test";
		};
		E20F23D01BCD189F0077FEE4 /* InstagramAppUITests */ = {
			isa = PBXNativeTarget;
			buildConfigurationList = E20F23E01BCD189F0077FEE4 /* Build configuration list for PBXNativeTarget "InstagramAppUITests" */;
			buildPhases = (
				E20F23CD1BCD189F0077FEE4 /* Sources */,
				E20F23CE1BCD189F0077FEE4 /* Frameworks */,
				E20F23CF1BCD189F0077FEE4 /* Resources */,
			);
			buildRules = (
			);
			dependencies = (
				E20F23D31BCD189F0077FEE4 /* PBXTargetDependency */,
			);
			name = InstagramAppUITests;
			productName = InstagramAppUITests;
			productReference = E20F23D11BCD189F0077FEE4 /* InstagramAppUITests.xctest */;
			productType = "com.apple.product-type.bundle.ui-testing";
		};
/* End PBXNativeTarget section */

/* Begin PBXProject section */
		E20F23AA1BCD189F0077FEE4 /* Project object */ = {
			isa = PBXProject;
			attributes = {
				LastUpgradeCheck = 0700;
				ORGANIZATIONNAME = "Kyohei Seo";
				TargetAttributes = {
					E20F23B11BCD189F0077FEE4 = {
						CreatedOnToolsVersion = 7.0.1;
						DevelopmentTeam = H4BBWF3E5R;
					};
					E20F23C51BCD189F0077FEE4 = {
						CreatedOnToolsVersion = 7.0.1;
						TestTargetID = E20F23B11BCD189F0077FEE4;
					};
					E20F23D01BCD189F0077FEE4 = {
						CreatedOnToolsVersion = 7.0.1;
						TestTargetID = E20F23B11BCD189F0077FEE4;
					};
				};
			};
			buildConfigurationList = E20F23AD1BCD189F0077FEE4 /* Build configuration list for PBXProject "InstagramApp" */;
			compatibilityVersion = "Xcode 3.2";
			developmentRegion = English;
			hasScannedForEncodings = 0;
			knownRegions = (
				en,
				Base,
			);
			mainGroup = E20F23A91BCD189F0077FEE4;
			productRefGroup = E20F23B31BCD189F0077FEE4 /* Products */;
			projectDirPath = "";
			projectRoot = "";
			targets = (
				E20F23B11BCD189F0077FEE4 /* InstagramApp */,
				E20F23C51BCD189F0077FEE4 /* InstagramAppTests */,
				E20F23D01BCD189F0077FEE4 /* InstagramAppUITests */,
			);
		};
/* End PBXProject section */

/* Begin PBXResourcesBuildPhase section */
		E20F23B01BCD189F0077FEE4 /* Resources */ = {
			isa = PBXResourcesBuildPhase;
			buildActionMask = 2147483647;
			files = (
				E2F2D3C51BEB90830032DF7B /* .gitignore in Resources */,
				E20F23C01BCD189F0077FEE4 /* LaunchScreen.storyboard in Resources */,
				E227F5B31BE092E100B41579 /* hashimoto.png in Resources */,
				E288B75C1BDBC1DB00C18A98 /* PhotoCollectionViewCell.xib in Resources */,
				E2BAAE3C1BDE2BD40067F4D7 /* ProfileCollectionViewCell.xib in Resources */,
				E20F23BB1BCD189F0077FEE4 /* Main.storyboard in Resources */,
				E288B7621BDC921200C18A98 /* mypage.png in Resources */,
				E21FCD621BE4CE9A008FBAEC /* PostView.xib in Resources */,
				E20F23F21BCE76B20077FEE4 /* camera@2x.png in Resources */,
			);
			runOnlyForDeploymentPostprocessing = 0;
		};
		E20F23C41BCD189F0077FEE4 /* Resources */ = {
			isa = PBXResourcesBuildPhase;
			buildActionMask = 2147483647;
			files = (
			);
			runOnlyForDeploymentPostprocessing = 0;
		};
		E20F23CF1BCD189F0077FEE4 /* Resources */ = {
			isa = PBXResourcesBuildPhase;
			buildActionMask = 2147483647;
			files = (
			);
			runOnlyForDeploymentPostprocessing = 0;
		};
/* End PBXResourcesBuildPhase section */

/* Begin PBXShellScriptBuildPhase section */
		4F85D8EEA8A72E59ACC01328 /* Check Pods Manifest.lock */ = {
			isa = PBXShellScriptBuildPhase;
			buildActionMask = 2147483647;
			files = (
			);
			inputPaths = (
			);
			name = "Check Pods Manifest.lock";
			outputPaths = (
			);
			runOnlyForDeploymentPostprocessing = 0;
			shellPath = /bin/sh;
			shellScript = "diff \"${PODS_ROOT}/../Podfile.lock\" \"${PODS_ROOT}/Manifest.lock\" > /dev/null\nif [[ $? != 0 ]] ; then\n    cat << EOM\nerror: The sandbox is not in sync with the Podfile.lock. Run 'pod install' or update your CocoaPods installation.\nEOM\n    exit 1\nfi\n";
			showEnvVarsInLog = 0;
		};
		58A80B4ACAB3017D6E9F5921 /* Copy Pods Resources */ = {
			isa = PBXShellScriptBuildPhase;
			buildActionMask = 2147483647;
			files = (
			);
			inputPaths = (
			);
			name = "Copy Pods Resources";
			outputPaths = (
			);
			runOnlyForDeploymentPostprocessing = 0;
			shellPath = /bin/sh;
			shellScript = "\"${SRCROOT}/Pods/Target Support Files/Pods-InstagramApp/Pods-InstagramApp-resources.sh\"\n";
			showEnvVarsInLog = 0;
		};
		B66A611013F500DA3A2246C1 /* Embed Pods Frameworks */ = {
			isa = PBXShellScriptBuildPhase;
			buildActionMask = 2147483647;
			files = (
			);
			inputPaths = (
			);
			name = "Embed Pods Frameworks";
			outputPaths = (
			);
			runOnlyForDeploymentPostprocessing = 0;
			shellPath = /bin/sh;
			shellScript = "\"${SRCROOT}/Pods/Target Support Files/Pods-InstagramApp/Pods-InstagramApp-frameworks.sh\"\n";
			showEnvVarsInLog = 0;
		};
/* End PBXShellScriptBuildPhase section */

/* Begin PBXSourcesBuildPhase section */
		E20F23AE1BCD189F0077FEE4 /* Sources */ = {
			isa = PBXSourcesBuildPhase;
			buildActionMask = 2147483647;
			files = (
				E28724851BE36BD4000B205C /* MyPagePostManager.swift in Sources */,
				E20F23F01BCE71C50077FEE4 /* TimeLineViewController.swift in Sources */,
				E287248C1BE3772F000B205C /* ChoosePhotoView.swift in Sources */,
				E288B75E1BDC891600C18A98 /* Post.swift in Sources */,
				E288B75B1BDBC1DB00C18A98 /* PhotoCollectionViewCell.swift in Sources */,
				E288B7561BDBBD9800C18A98 /* ChoosePhotoManager.swift in Sources */,
				E2BAAE321BDE253C0067F4D7 /* MyPageViewController.swift in Sources */,
				E2FDD00F1BDB718A00DF5C4C /* PostViewController.swift in Sources */,
				E2BAAE3B1BDE2BD40067F4D7 /* ProfileCollectionViewCell.swift in Sources */,
				E2133AD31BE8D89400D0C1A9 /* ChoosePhotoModel.swift in Sources */,
				E21FCD641BE4CEC9008FBAEC /* PostView.swift in Sources */,
				E21FCDB51BE77647008FBAEC /* UICollectionViewFlowLayout+Extension.swift in Sources */,
				E21FCDB11BE6257F008FBAEC /* NSDate+Extension.swift in Sources */,
				E2BAAE341BDE257C0067F4D7 /* MyPageView.swift in Sources */,
				E20F23FE1BCFC16F0077FEE4 /* PhotoCollectionView.swift in Sources */,
				E28724881BE371D8000B205C /* ChoosePhotoViewController.swift in Sources */,
				E20F23B61BCD189F0077FEE4 /* AppDelegate.swift in Sources */,
				E2133AC31BE7BD9000D0C1A9 /* MyPagePostModel.swift in Sources */,
			);
			runOnlyForDeploymentPostprocessing = 0;
		};
		E20F23C21BCD189F0077FEE4 /* Sources */ = {
			isa = PBXSourcesBuildPhase;
			buildActionMask = 2147483647;
			files = (
				E20F23CB1BCD189F0077FEE4 /* InstagramAppTests.swift in Sources */,
			);
			runOnlyForDeploymentPostprocessing = 0;
		};
		E20F23CD1BCD189F0077FEE4 /* Sources */ = {
			isa = PBXSourcesBuildPhase;
			buildActionMask = 2147483647;
			files = (
				E20F23D61BCD189F0077FEE4 /* InstagramAppUITests.swift in Sources */,
			);
			runOnlyForDeploymentPostprocessing = 0;
		};
/* End PBXSourcesBuildPhase section */

/* Begin PBXTargetDependency section */
		E20F23C81BCD189F0077FEE4 /* PBXTargetDependency */ = {
			isa = PBXTargetDependency;
			target = E20F23B11BCD189F0077FEE4 /* InstagramApp */;
			targetProxy = E20F23C71BCD189F0077FEE4 /* PBXContainerItemProxy */;
		};
		E20F23D31BCD189F0077FEE4 /* PBXTargetDependency */ = {
			isa = PBXTargetDependency;
			target = E20F23B11BCD189F0077FEE4 /* InstagramApp */;
			targetProxy = E20F23D21BCD189F0077FEE4 /* PBXContainerItemProxy */;
		};
/* End PBXTargetDependency section */

/* Begin PBXVariantGroup section */
		E20F23B91BCD189F0077FEE4 /* Main.storyboard */ = {
			isa = PBXVariantGroup;
			children = (
				E20F23BA1BCD189F0077FEE4 /* Base */,
			);
			name = Main.storyboard;
			sourceTree = "<group>";
		};
		E20F23BE1BCD189F0077FEE4 /* LaunchScreen.storyboard */ = {
			isa = PBXVariantGroup;
			children = (
				E20F23BF1BCD189F0077FEE4 /* Base */,
			);
			name = LaunchScreen.storyboard;
			sourceTree = "<group>";
		};
/* End PBXVariantGroup section */

/* Begin XCBuildConfiguration section */
		E20F23D81BCD189F0077FEE4 /* Debug */ = {
			isa = XCBuildConfiguration;
			buildSettings = {
				ALWAYS_SEARCH_USER_PATHS = NO;
				CLANG_CXX_LANGUAGE_STANDARD = "gnu++0x";
				CLANG_CXX_LIBRARY = "libc++";
				CLANG_ENABLE_MODULES = YES;
				CLANG_ENABLE_OBJC_ARC = YES;
				CLANG_WARN_BOOL_CONVERSION = YES;
				CLANG_WARN_CONSTANT_CONVERSION = YES;
				CLANG_WARN_DIRECT_OBJC_ISA_USAGE = YES_ERROR;
				CLANG_WARN_EMPTY_BODY = YES;
				CLANG_WARN_ENUM_CONVERSION = YES;
				CLANG_WARN_INT_CONVERSION = YES;
				CLANG_WARN_OBJC_ROOT_CLASS = YES_ERROR;
				CLANG_WARN_UNREACHABLE_CODE = YES;
				CLANG_WARN__DUPLICATE_METHOD_MATCH = YES;
				"CODE_SIGN_IDENTITY[sdk=iphoneos*]" = "iPhone Developer";
				COPY_PHASE_STRIP = NO;
				DEBUG_INFORMATION_FORMAT = dwarf;
				ENABLE_STRICT_OBJC_MSGSEND = YES;
				ENABLE_TESTABILITY = YES;
				GCC_C_LANGUAGE_STANDARD = gnu99;
				GCC_DYNAMIC_NO_PIC = NO;
				GCC_NO_COMMON_BLOCKS = YES;
				GCC_OPTIMIZATION_LEVEL = 0;
				GCC_PREPROCESSOR_DEFINITIONS = (
					"DEBUG=1",
					"$(inherited)",
				);
				GCC_WARN_64_TO_32_BIT_CONVERSION = YES;
				GCC_WARN_ABOUT_RETURN_TYPE = YES_ERROR;
				GCC_WARN_UNDECLARED_SELECTOR = YES;
				GCC_WARN_UNINITIALIZED_AUTOS = YES_AGGRESSIVE;
				GCC_WARN_UNUSED_FUNCTION = YES;
				GCC_WARN_UNUSED_VARIABLE = YES;
				IPHONEOS_DEPLOYMENT_TARGET = 9.1;
				MTL_ENABLE_DEBUG_INFO = YES;
				ONLY_ACTIVE_ARCH = YES;
				SDKROOT = iphoneos;
				SWIFT_OPTIMIZATION_LEVEL = "-Onone";
			};
			name = Debug;
		};
		E20F23D91BCD189F0077FEE4 /* Release */ = {
			isa = XCBuildConfiguration;
			buildSettings = {
				ALWAYS_SEARCH_USER_PATHS = NO;
				CLANG_CXX_LANGUAGE_STANDARD = "gnu++0x";
				CLANG_CXX_LIBRARY = "libc++";
				CLANG_ENABLE_MODULES = YES;
				CLANG_ENABLE_OBJC_ARC = YES;
				CLANG_WARN_BOOL_CONVERSION = YES;
				CLANG_WARN_CONSTANT_CONVERSION = YES;
				CLANG_WARN_DIRECT_OBJC_ISA_USAGE = YES_ERROR;
				CLANG_WARN_EMPTY_BODY = YES;
				CLANG_WARN_ENUM_CONVERSION = YES;
				CLANG_WARN_INT_CONVERSION = YES;
				CLANG_WARN_OBJC_ROOT_CLASS = YES_ERROR;
				CLANG_WARN_UNREACHABLE_CODE = YES;
				CLANG_WARN__DUPLICATE_METHOD_MATCH = YES;
				"CODE_SIGN_IDENTITY[sdk=iphoneos*]" = "iPhone Developer";
				COPY_PHASE_STRIP = NO;
				DEBUG_INFORMATION_FORMAT = "dwarf-with-dsym";
				ENABLE_NS_ASSERTIONS = NO;
				ENABLE_STRICT_OBJC_MSGSEND = YES;
				GCC_C_LANGUAGE_STANDARD = gnu99;
				GCC_NO_COMMON_BLOCKS = YES;
				GCC_WARN_64_TO_32_BIT_CONVERSION = YES;
				GCC_WARN_ABOUT_RETURN_TYPE = YES_ERROR;
				GCC_WARN_UNDECLARED_SELECTOR = YES;
				GCC_WARN_UNINITIALIZED_AUTOS = YES_AGGRESSIVE;
				GCC_WARN_UNUSED_FUNCTION = YES;
				GCC_WARN_UNUSED_VARIABLE = YES;
				IPHONEOS_DEPLOYMENT_TARGET = 9.1;
				MTL_ENABLE_DEBUG_INFO = NO;
				SDKROOT = iphoneos;
				VALIDATE_PRODUCT = YES;
			};
			name = Release;
		};
		E20F23DB1BCD189F0077FEE4 /* Debug */ = {
			isa = XCBuildConfiguration;
			baseConfigurationReference = 11C3524F2DC0855325DF8879 /* Pods-InstagramApp.debug.xcconfig */;
			buildSettings = {
				CODE_SIGN_IDENTITY = "iPhone Developer";
				"CODE_SIGN_IDENTITY[sdk=iphoneos*]" = "iPhone Developer";
				FRAMEWORK_SEARCH_PATHS = (
					"$(inherited)",
					"$(PROJECT_DIR)",
				);
				INFOPLIST_FILE = InstagramApp/Info.plist;
				IPHONEOS_DEPLOYMENT_TARGET = 9.1;
				LD_RUNPATH_SEARCH_PATHS = "$(inherited) @executable_path/Frameworks";
				LIBRARY_SEARCH_PATHS = (
					"$(inherited)",
					"$(PROJECT_DIR)",
				);
				PRODUCT_BUNDLE_IDENTIFIER = InstagramApp;
				PRODUCT_NAME = "$(TARGET_NAME)";
				PROVISIONING_PROFILE = "";
			};
			name = Debug;
		};
		E20F23DC1BCD189F0077FEE4 /* Release */ = {
			isa = XCBuildConfiguration;
			baseConfigurationReference = 490CFDE2557995DF5FDD37FB /* Pods-InstagramApp.release.xcconfig */;
			buildSettings = {
				CODE_SIGN_IDENTITY = "iPhone Developer";
				"CODE_SIGN_IDENTITY[sdk=iphoneos*]" = "iPhone Developer";
				FRAMEWORK_SEARCH_PATHS = (
					"$(inherited)",
					"$(PROJECT_DIR)",
				);
				INFOPLIST_FILE = InstagramApp/Info.plist;
				IPHONEOS_DEPLOYMENT_TARGET = 9.1;
				LD_RUNPATH_SEARCH_PATHS = "$(inherited) @executable_path/Frameworks";
				LIBRARY_SEARCH_PATHS = (
					"$(inherited)",
					"$(PROJECT_DIR)",
				);
				PRODUCT_BUNDLE_IDENTIFIER = InstagramApp;
				PRODUCT_NAME = "$(TARGET_NAME)";
				PROVISIONING_PROFILE = "";
			};
			name = Release;
		};
		E20F23DE1BCD189F0077FEE4 /* Debug */ = {
			isa = XCBuildConfiguration;
			buildSettings = {
				BUNDLE_LOADER = "$(TEST_HOST)";
				INFOPLIST_FILE = InstagramAppTests/Info.plist;
				LD_RUNPATH_SEARCH_PATHS = "$(inherited) @executable_path/Frameworks @loader_path/Frameworks";
				PRODUCT_BUNDLE_IDENTIFIER = InstagramApp;
				PRODUCT_NAME = "$(TARGET_NAME)";
				TEST_HOST = "$(BUILT_PRODUCTS_DIR)/InstagramApp.app/InstagramApp";
			};
			name = Debug;
		};
		E20F23DF1BCD189F0077FEE4 /* Release */ = {
			isa = XCBuildConfiguration;
			buildSettings = {
				BUNDLE_LOADER = "$(TEST_HOST)";
				INFOPLIST_FILE = InstagramAppTests/Info.plist;
				LD_RUNPATH_SEARCH_PATHS = "$(inherited) @executable_path/Frameworks @loader_path/Frameworks";
				PRODUCT_BUNDLE_IDENTIFIER = InstagramApp;
				PRODUCT_NAME = "$(TARGET_NAME)";
				TEST_HOST = "$(BUILT_PRODUCTS_DIR)/InstagramApp.app/InstagramApp";
			};
			name = Release;
		};
		E20F23E11BCD189F0077FEE4 /* Debug */ = {
			isa = XCBuildConfiguration;
			buildSettings = {
				INFOPLIST_FILE = InstagramAppUITests/Info.plist;
				LD_RUNPATH_SEARCH_PATHS = "$(inherited) @executable_path/Frameworks @loader_path/Frameworks";
				PRODUCT_BUNDLE_IDENTIFIER = com.seokyohei.InstagramAppUITests;
				PRODUCT_NAME = "$(TARGET_NAME)";
				TEST_TARGET_NAME = InstagramApp;
				USES_XCTRUNNER = YES;
			};
			name = Debug;
		};
		E20F23E21BCD189F0077FEE4 /* Release */ = {
			isa = XCBuildConfiguration;
			buildSettings = {
				INFOPLIST_FILE = InstagramAppUITests/Info.plist;
				LD_RUNPATH_SEARCH_PATHS = "$(inherited) @executable_path/Frameworks @loader_path/Frameworks";
				PRODUCT_BUNDLE_IDENTIFIER = com.seokyohei.InstagramAppUITests;
				PRODUCT_NAME = "$(TARGET_NAME)";
				TEST_TARGET_NAME = InstagramApp;
				USES_XCTRUNNER = YES;
			};
			name = Release;
		};
/* End XCBuildConfiguration section */

/* Begin XCConfigurationList section */
		E20F23AD1BCD189F0077FEE4 /* Build configuration list for PBXProject "InstagramApp" */ = {
			isa = XCConfigurationList;
			buildConfigurations = (
				E20F23D81BCD189F0077FEE4 /* Debug */,
				E20F23D91BCD189F0077FEE4 /* Release */,
			);
			defaultConfigurationIsVisible = 0;
			defaultConfigurationName = Release;
		};
		E20F23DA1BCD189F0077FEE4 /* Build configuration list for PBXNativeTarget "InstagramApp" */ = {
			isa = XCConfigurationList;
			buildConfigurations = (
				E20F23DB1BCD189F0077FEE4 /* Debug */,
				E20F23DC1BCD189F0077FEE4 /* Release */,
			);
			defaultConfigurationIsVisible = 0;
			defaultConfigurationName = Release;
		};
		E20F23DD1BCD189F0077FEE4 /* Build configuration list for PBXNativeTarget "InstagramAppTests" */ = {
			isa = XCConfigurationList;
			buildConfigurations = (
				E20F23DE1BCD189F0077FEE4 /* Debug */,
				E20F23DF1BCD189F0077FEE4 /* Release */,
			);
			defaultConfigurationIsVisible = 0;
			defaultConfigurationName = Release;
		};
		E20F23E01BCD189F0077FEE4 /* Build configuration list for PBXNativeTarget "InstagramAppUITests" */ = {
			isa = XCConfigurationList;
			buildConfigurations = (
				E20F23E11BCD189F0077FEE4 /* Debug */,
				E20F23E21BCD189F0077FEE4 /* Release */,
			);
			defaultConfigurationIsVisible = 0;
			defaultConfigurationName = Release;
		};
/* End XCConfigurationList section */
	};
	rootObject = E20F23AA1BCD189F0077FEE4 /* Project object */;
}
